
Microsoft Visual Studio Solution File, Format Version 12.00
Project("{FAE04EC0-301F-11D3-BF4B-00C04F79EFBC}") = "WebAPI", "WebAPI\WebAPI.csproj", "{979BF4CC-31F6-4071-B658-2DEED805F5B5}"
EndProject
Project("{FAE04EC0-301F-11D3-BF4B-00C04F79EFBC}") = "Application", "Application\Application.csproj", "{C6D51171-4743-4D3E-9E8F-44117E3AF6FF}"
EndProject
Project("{FAE04EC0-301F-11D3-BF4B-00C04F79EFBC}") = "FileData", "FileData\FileData.csproj", "{C93645DE-82E7-438B-9E4C-77E13BCE0196}"
EndProject
Project("{FAE04EC0-301F-11D3-BF4B-00C04F79EFBC}") = "BlazorWASM", "BlazorWASM\BlazorWASM.csproj", "{7925467C-FC00-422A-811F-BB825A91999C}"
EndProject
Project("{2150E333-8FDC-42A3-9474-1A3956D46DE8}") = "BlazorWasm", "BlazorWasm", "{00D67BC1-3863-4B86-8C77-37680F9C1BF2}"
EndProject
Project("{2150E333-8FDC-42A3-9474-1A3956D46DE8}") = "API", "API", "{68CE59A3-3E81-4CE7-A882-879AB9E88E28}"
EndProject
Project("{2150E333-8FDC-42A3-9474-1A3956D46DE8}") = "Shared", "Shared", "{37221628-290D-46E2-9649-13C4F0A2625A}"
EndProject
Project("{FAE04EC0-301F-11D3-BF4B-00C04F79EFBC}") = "Shared", "Shared\Shared.csproj", "{908EECDB-3E44-47F8-8207-EA1042C83BD0}"
EndProject
Global
	GlobalSection(SolutionConfigurationPlatforms) = preSolution
		Debug|Any CPU = Debug|Any CPU
		Release|Any CPU = Release|Any CPU
	EndGlobalSection
	GlobalSection(ProjectConfigurationPlatforms) = postSolution
		{979BF4CC-31F6-4071-B658-2DEED805F5B5}.Debug|Any CPU.ActiveCfg = Debug|Any CPU
		{979BF4CC-31F6-4071-B658-2DEED805F5B5}.Debug|Any CPU.Build.0 = Debug|Any CPU
		{979BF4CC-31F6-4071-B658-2DEED805F5B5}.Release|Any CPU.ActiveCfg = Release|Any CPU
		{979BF4CC-31F6-4071-B658-2DEED805F5B5}.Release|Any CPU.Build.0 = Release|Any CPU
		{C6D51171-4743-4D3E-9E8F-44117E3AF6FF}.Debug|Any CPU.ActiveCfg = Debug|Any CPU
		{C6D51171-4743-4D3E-9E8F-44117E3AF6FF}.Debug|Any CPU.Build.0 = Debug|Any CPU
		{C6D51171-4743-4D3E-9E8F-44117E3AF6FF}.Release|Any CPU.ActiveCfg = Release|Any CPU
		{C6D51171-4743-4D3E-9E8F-44117E3AF6FF}.Release|Any CPU.Build.0 = Release|Any CPU
		{C93645DE-82E7-438B-9E4C-77E13BCE0196}.Debug|Any CPU.ActiveCfg = Debug|Any CPU
		{C93645DE-82E7-438B-9E4C-77E13BCE0196}.Debug|Any CPU.Build.0 = Debug|Any CPU
		{C93645DE-82E7-438B-9E4C-77E13BCE0196}.Release|Any CPU.ActiveCfg = Release|Any CPU
		{C93645DE-82E7-438B-9E4C-77E13BCE0196}.Release|Any CPU.Build.0 = Release|Any CPU
		{7925467C-FC00-422A-811F-BB825A91999C}.Debug|Any CPU.ActiveCfg = Debug|Any CPU
		{7925467C-FC00-422A-811F-BB825A91999C}.Debug|Any CPU.Build.0 = Debug|Any CPU
		{7925467C-FC00-422A-811F-BB825A91999C}.Release|Any CPU.ActiveCfg = Release|Any CPU
		{7925467C-FC00-422A-811F-BB825A91999C}.Release|Any CPU.Build.0 = Release|Any CPU
		{908EECDB-3E44-47F8-8207-EA1042C83BD0}.Debug|Any CPU.ActiveCfg = Debug|Any CPU
		{908EECDB-3E44-47F8-8207-EA1042C83BD0}.Debug|Any CPU.Build.0 = Debug|Any CPU
		{908EECDB-3E44-47F8-8207-EA1042C83BD0}.Release|Any CPU.ActiveCfg = Release|Any CPU
		{908EECDB-3E44-47F8-8207-EA1042C83BD0}.Release|Any CPU.Build.0 = Release|Any CPU
	EndGlobalSection
	GlobalSection(NestedProjects) = preSolution
		{7925467C-FC00-422A-811F-BB825A91999C} = {00D67BC1-3863-4B86-8C77-37680F9C1BF2}
		{979BF4CC-31F6-4071-B658-2DEED805F5B5} = {68CE59A3-3E81-4CE7-A882-879AB9E88E28}
		{C6D51171-4743-4D3E-9E8F-44117E3AF6FF} = {37221628-290D-46E2-9649-13C4F0A2625A}
		{C93645DE-82E7-438B-9E4C-77E13BCE0196} = {37221628-290D-46E2-9649-13C4F0A2625A}
		{908EECDB-3E44-47F8-8207-EA1042C83BD0} = {37221628-290D-46E2-9649-13C4F0A2625A}
	EndGlobalSection
EndGlobal
